PODS:
  - Alamofire (4.8.0)
  - AlamofireImage (3.5.0):
    - Alamofire (~> 4.8)
  - KeychainAccess (3.1.2)
  - OAuthSwift (1.2.2)
  - OAuthSwiftAlamofire (0.2.0):
    - Alamofire
    - OAuthSwift
  - RSKPlaceholderTextView (4.0.0)

DEPENDENCIES:
  - Alamofire
  - AlamofireImage
  - KeychainAccess
  - OAuthSwift
  - OAuthSwiftAlamofire
  - RSKPlaceholderTextView

SPEC REPOS:
  https://github.com/cocoapods/specs.git:
    - Alamofire
    - AlamofireImage
    - KeychainAccess
    - OAuthSwift
    - OAuthSwiftAlamofire
    - RSKPlaceholderTextView

SPEC CHECKSUMS:
  Alamofire: 3ec537f71edc9804815215393ae2b1a8ea33a844
  AlamofireImage: 1aea346f4dda2f6c67622fa5a89fcbb80d79cc16
  KeychainAccess: b3816fddcf28aa29d94b10ec305cd52be14c472b
  OAuthSwift: 27b34fe80b76b67cd8f45571e0be2432bc9f6de1
  OAuthSwiftAlamofire: e51f11ff579dd4293bfe2a1a24c658caad4dac35
  RSKPlaceholderTextView: 15f1dc1883e103ea605874b863f19ff6b08496d5

PODFILE CHECKSUM: f582c240570deffa4393eb05d2079a033b6d0d48

COCOAPODS: 1.5.3
